// !$*UTF8*$!
{
	archiveVersion = 1;
	classes = {
	};
	objectVersion = 51;
	objects = {

/* Begin PBXBuildFile section */
		60FC6243231BDB39008BE616 /* AppDelegate.swift in Sources */ = {isa = PBXBuildFile; fileRef = 60FC6242231BDB39008BE616 /* AppDelegate.swift */; };
		60FC6245231BDB39008BE616 /* GameScene.sks in Resources */ = {isa = PBXBuildFile; fileRef = 60FC6244231BDB39008BE616 /* GameScene.sks */; };
		60FC6247231BDB39008BE616 /* Actions.sks in Resources */ = {isa = PBXBuildFile; fileRef = 60FC6246231BDB39008BE616 /* Actions.sks */; };
		60FC6249231BDB39008BE616 /* GameScene.swift in Sources */ = {isa = PBXBuildFile; fileRef = 60FC6248231BDB39008BE616 /* GameScene.swift */; };
		60FC624B231BDB39008BE616 /* GameViewController.swift in Sources */ = {isa = PBXBuildFile; fileRef = 60FC624A231BDB39008BE616 /* GameViewController.swift */; };
		60FC624E231BDB39008BE616 /* Main.storyboard in Resources */ = {isa = PBXBuildFile; fileRef = 60FC624C231BDB39008BE616 /* Main.storyboard */; };
		60FC6250231BDB3A008BE616 /* Assets.xcassets in Resources */ = {isa = PBXBuildFile; fileRef = 60FC624F231BDB3A008BE616 /* Assets.xcassets */; };
		60FC6253231BDB3A008BE616 /* LaunchScreen.storyboard in Resources */ = {isa = PBXBuildFile; fileRef = 60FC6251231BDB3A008BE616 /* LaunchScreen.storyboard */; };
/* End PBXBuildFile section */

/* Begin PBXFileReference section */
		60FC623F231BDB39008BE616 /* FruitNinjaTest.app */ = {isa = PBXFileReference; explicitFileType = wrapper.application; includeInIndex = 0; path = FruitNinjaTest.app; sourceTree = BUILT_PRODUCTS_DIR; };
		60FC6242231BDB39008BE616 /* AppDelegate.swift */ = {isa = PBXFileReference; lastKnownFileType = sourcecode.swift; path = AppDelegate.swift; sourceTree = "<group>"; };
		60FC6244231BDB39008BE616 /* GameScene.sks */ = {isa = PBXFileReference; lastKnownFileType = file.sks; path = GameScene.sks; sourceTree = "<group>"; };
		60FC6246231BDB39008BE616 /* Actions.sks */ = {isa = PBXFileReference; lastKnownFileType = file.sks; path = Actions.sks; sourceTree = "<group>"; };
		60FC6248231BDB39008BE616 /* GameScene.swift */ = {isa = PBXFileReference; lastKnownFileType = sourcecode.swift; path = GameScene.swift; sourceTree = "<group>"; };
		60FC624A231BDB39008BE616 /* GameViewController.swift */ = {isa = PBXFileReference; lastKnownFileType = sourcecode.swift; path = GameViewController.swift; sourceTree = "<group>"; };
		60FC624D231BDB39008BE616 /* Base */ = {isa = PBXFileReference; lastKnownFileType = file.storyboard; name = Base; path = Base.lproj/Main.storyboard; sourceTree = "<group>"; };
		60FC624F231BDB3A008BE616 /* Assets.xcassets */ = {isa = PBXFileReference; lastKnownFileType = folder.assetcatalog; path = Assets.xcassets; sourceTree = "<group>"; };
		60FC6252231BDB3A008BE616 /* Base */ = {isa = PBXFileReference; lastKnownFileType = file.storyboard; name = Base; path = Base.lproj/LaunchScreen.storyboard; sourceTree = "<group>"; };
		60FC6254231BDB3A008BE616 /* Info.plist */ = {isa = PBXFileReference; lastKnownFileType = text.plist.xml; path = Info.plist; sourceTree = "<group>"; };
/* End PBXFileReference section */

/* Begin PBXFrameworksBuildPhase section */
		60FC623C231BDB39008BE616 /* Frameworks */ = {
			isa = PBXFrameworksBuildPhase;
			buildActionMask = 2147483647;
			files = (
			);
			runOnlyForDeploymentPostprocessing = 0;
		};
/* End PBXFrameworksBuildPhase section */

/* Begin PBXGroup section */
		60FC6236231BDB39008BE616 = {
			isa = PBXGroup;
			children = (
				60FC6241231BDB39008BE616 /* FruitNinjaTest */,
				60FC6240231BDB39008BE616 /* Products */,
			);
			sourceTree = "<group>";
		};
		60FC6240231BDB39008BE616 /* Products */ = {
			isa = PBXGroup;
			children = (
				60FC623F231BDB39008BE616 /* FruitNinjaTest.app */,
			);
			name = Products;
			sourceTree = "<group>";
		};
		60FC6241231BDB39008BE616 /* FruitNinjaTest */ = {
			isa = PBXGroup;
			children = (
				60FC6242231BDB39008BE616 /* AppDelegate.swift */,
				60FC6244231BDB39008BE616 /* GameScene.sks */,
				60FC6246231BDB39008BE616 /* Actions.sks */,
				60FC6248231BDB39008BE616 /* GameScene.swift */,
				60FC624A231BDB39008BE616 /* GameViewController.swift */,
				60FC624C231BDB39008BE616 /* Main.storyboard */,
				60FC624F231BDB3A008BE616 /* Assets.xcassets */,
				60FC6251231BDB3A008BE616 /* LaunchScreen.storyboard */,
				60FC6254231BDB3A008BE616 /* Info.plist */,
			);
			path = FruitNinjaTest;
			sourceTree = "<group>";
		};
/* End PBXGroup section */

/* Begin PBXNativeTarget section */
		60FC623E231BDB39008BE616 /* FruitNinjaTest */ = {
			isa = PBXNativeTarget;
			buildConfigurationList = 60FC6257231BDB3A008BE616 /* Build configuration list for PBXNativeTarget "FruitNinjaTest" */;
			buildPhases = (
				60FC623B231BDB39008BE616 /* Sources */,
				60FC623C231BDB39008BE616 /* Frameworks */,
				60FC623D231BDB39008BE616 /* Resources */,
			);
			buildRules = (
			);
			dependencies = (
			);
			name = FruitNinjaTest;
			productName = FruitNinjaTest;
			productReference = 60FC623F231BDB39008BE616 /* FruitNinjaTest.app */;
			productType = "com.apple.product-type.application";
		};
/* End PBXNativeTarget section */

/* Begin PBXProject section */
		60FC6237231BDB39008BE616 /* Project object */ = {
			isa = PBXProject;
			attributes = {
				LastSwiftUpdateCheck = 1030;
				LastUpgradeCheck = 1030;
				ORGANIZATIONNAME = "fawad farooq";
				TargetAttributes = {
					60FC623E231BDB39008BE616 = {
						CreatedOnToolsVersion = 10.3;
					};
				};
			};
			buildConfigurationList = 60FC623A231BDB39008BE616 /* Build configuration list for PBXProject "FruitNinjaTest" */;
			compatibilityVersion = "Xcode 10.0";
			developmentRegion = en;
			hasScannedForEncodings = 0;
			knownRegions = (
				en,
				Base,
			);
			mainGroup = 60FC6236231BDB39008BE616;
			productRefGroup = 60FC6240231BDB39008BE616 /* Products */;
			projectDirPath = "";
			projectRoot = "";
			targets = (
				60FC623E231BDB39008BE616 /* FruitNinjaTest */,
			);
		};
/* End PBXProject section */

/* Begin PBXResourcesBuildPhase section */
		60FC623D231BDB39008BE616 /* Resources */ = {
			isa = PBXResourcesBuildPhase;
			buildActionMask = 2147483647;
			files = (
				60FC624E231BDB39008BE616 /* Main.storyboard in Resources */,
				60FC6245231BDB39008BE616 /* GameScene.sks in Resources */,
				60FC6250231BDB3A008BE616 /* Assets.xcassets in Resources */,
				60FC6253231BDB3A008BE616 /* LaunchScreen.storyboard in Resources */,
				60FC6247231BDB39008BE616 /* Actions.sks in Resources */,
			);
			runOnlyForDeploymentPostprocessing = 0;
		};
/* End PBXResourcesBuildPhase section */

/* Begin PBXSourcesBuildPhase section */
		60FC623B231BDB39008BE616 /* Sources */ = {
			isa = PBXSourcesBuildPhase;
			buildActionMask = 2147483647;
			files = (
				60FC6249231BDB39008BE616 /* GameScene.swift in Sources */,
				60FC624B231BDB39008BE616 /* GameViewController.swift in Sources */,
				60FC6243231BDB39008BE616 /* AppDelegate.swift in Sources */,
			);
			runOnlyForDeploymentPostprocessing = 0;
		};
/* End PBXSourcesBuildPhase section */

/* Begin PBXVariantGroup section */
		60FC624C231BDB39008BE616 /* Main.storyboard */ = {
			isa = PBXVariantGroup;
			children = (
				60FC624D231BDB39008BE616 /* Base */,
			);
			name = Main.storyboard;
			sourceTree = "<group>";
		};
		60FC6251231BDB3A008BE616 /* LaunchScreen.storyboard */ = {
			isa = PBXVariantGroup;
			children = (
				60FC6252231BDB3A008BE616 /* Base */,
			);
			name = LaunchScreen.storyboard;
			sourceTree = "<group>";
		};
/* End PBXVariantGroup section */

/* Begin XCBuildConfiguration section */
		60FC6255231BDB3A008BE616 /* Debug */ = {
			isa = XCBuildConfiguration;
			buildSettings = {
				ALWAYS_SEARCH_USER_PATHS = NO;
				CLANG_ANALYZER_NONNULL = YES;
				CLANG_ANALYZER_NUMBER_OBJECT_CONVERSION = YES_AGGRESSIVE;
				CLANG_CXX_LANGUAGE_STANDARD = "gnu++14";
				CLANG_CXX_LIBRARY = "libc++";
				CLANG_ENABLE_MODULES = YES;
				CLANG_ENABLE_OBJC_ARC = YES;
				CLANG_ENABLE_OBJC_WEAK = YES;
				CLANG_WARN_BLOCK_CAPTURE_AUTORELEASING = YES;
				CLANG_WARN_BOOL_CONVERSION = YES;
				CLANG_WARN_COMMA = YES;
				CLANG_WARN_CONSTANT_CONVERSION = YES;
				CLANG_WARN_DEPRECATED_OBJC_IMPLEMENTATIONS = YES;
				CLANG_WARN_DIRECT_OBJC_ISA_USAGE = YES_ERROR;
				CLANG_WARN_DOCUMENTATION_COMMENTS = YES;
				CLANG_WARN_EMPTY_BODY = YES;
				CLANG_WARN_ENUM_CONVERSION = YES;
				CLANG_WARN_INFINITE_RECURSION = YES;
				CLANG_WARN_INT_CONVERSION = YES;
				CLANG_WARN_NON_LITERAL_NULL_CONVERSION = YES;
				CLANG_WARN_OBJC_IMPLICIT_RETAIN_SELF = YES;
				CLANG_WARN_OBJC_LITERAL_CONVERSION = YES;
				CLANG_WARN_OBJC_ROOT_CLASS = YES_ERROR;
				CLANG_WARN_RANGE_LOOP_ANALYSIS = YES;
				CLANG_WARN_STRICT_PROTOTYPES = YES;
				CLANG_WARN_SUSPICIOUS_MOVE = YES;
				CLANG_WARN_UNGUARDED_AVAILABILITY = YES_AGGRESSIVE;
				CLANG_WARN_UNREACHABLE_CODE = YES;
				CLANG_WARN__DUPLICATE_METHOD_MATCH = YES;
				CODE_SIGN_IDENTITY = "iPhone Developer";
				COPY_PHASE_STRIP = NO;
				DEBUG_INFORMATION_FORMAT = dwarf;
				ENABLE_STRICT_OBJC_MSGSEND = YES;
				ENABLE_TESTABILITY = YES;
				GCC_C_LANGUAGE_STANDARD = gnu11;
				GCC_DYNAMIC_NO_PIC = NO;
				GCC_NO_COMMON_BLOCKS = YES;
				GCC_OPTIMIZATION_LEVEL = 0;
				GCC_PREPROCESSOR_DEFINITIONS = (
					"DEBUG=1",
					"$(inherited)",
				);
				GCC_WARN_64_TO_32_BIT_CONVERSION = YES;
				GCC_WARN_ABOUT_RETURN_TYPE = YES_ERROR;
				GCC_WARN_UNDECLARED_SELECTOR = YES;
				GCC_WARN_UNINITIALIZED_AUTOS = YES_AGGRESSIVE;
				GCC_WARN_UNUSED_FUNCTION = YES;
				GCC_WARN_UNUSED_VARIABLE = YES;
				IPHONEOS_DEPLOYMENT_TARGET = 11.4;
				MTL_ENABLE_DEBUG_INFO = INCLUDE_SOURCE;
				MTL_FAST_MATH = YES;
				ONLY_ACTIVE_ARCH = YES;
				SDKROOT = iphoneos;
				SWIFT_ACTIVE_COMPILATION_CONDITIONS = DEBUG;
				SWIFT_OPTIMIZATION_LEVEL = "-Onone";
			};
			name = Debug;
		};
		60FC6256231BDB3A008BE616 /* Release */ = {
			isa = XCBuildConfiguration;
			buildSettings = {
				ALWAYS_SEARCH_USER_PATHS = NO;
				CLANG_ANALYZER_NONNULL = YES;
				CLANG_ANALYZER_NUMBER_OBJECT_CONVERSION = YES_AGGRESSIVE;
				CLANG_CXX_LANGUAGE_STANDARD = "gnu++14";
				CLANG_CXX_LIBRARY = "libc++";
				CLANG_ENABLE_MODULES = YES;
				CLANG_ENABLE_OBJC_ARC = YES;
				CLANG_ENABLE_OBJC_WEAK = YES;
				CLANG_WARN_BLOCK_CAPTURE_AUTORELEASING = YES;
				CLANG_WARN_BOOL_CONVERSION = YES;
				CLANG_WARN_COMMA = YES;
				CLANG_WARN_CONSTANT_CONVERSION = YES;
				CLANG_WARN_DEPRECATED_OBJC_IMPLEMENTATIONS = YES;
				CLANG_WARN_DIRECT_OBJC_ISA_USAGE = YES_ERROR;
				CLANG_WARN_DOCUMENTATION_COMMENTS = YES;
				CLANG_WARN_EMPTY_BODY = YES;
				CLANG_WARN_ENUM_CONVERSION = YES;
				CLANG_WARN_INFINITE_RECURSION = YES;
				CLANG_WARN_INT_CONVERSION = YES;
				CLANG_WARN_NON_LITERAL_NULL_CONVERSION = YES;
				CLANG_WARN_OBJC_IMPLICIT_RETAIN_SELF = YES;
				CLANG_WARN_OBJC_LITERAL_CONVERSION = YES;
				CLANG_WARN_OBJC_ROOT_CLASS = YES_ERROR;
				CLANG_WARN_RANGE_LOOP_ANALYSIS = YES;
				CLANG_WARN_STRICT_PROTOTYPES = YES;
				CLANG_WARN_SUSPICIOUS_MOVE = YES;
				CLANG_WARN_UNGUARDED_AVAILABILITY = YES_AGGRESSIVE;
				CLANG_WARN_UNREACHABLE_CODE = YES;
				CLANG_WARN__DUPLICATE_METHOD_MATCH = YES;
				CODE_SIGN_IDENTITY = "iPhone Developer";
				COPY_PHASE_STRIP = NO;
				DEBUG_INFORMATION_FORMAT = "dwarf-with-dsym";
				ENABLE_NS_ASSERTIONS = NO;
				ENABLE_STRICT_OBJC_MSGSEND = YES;
				GCC_C_LANGUAGE_STANDARD = gnu11;
				GCC_NO_COMMON_BLOCKS = YES;
				GCC_WARN_64_TO_32_BIT_CONVERSION = YES;
				GCC_WARN_ABOUT_RETURN_TYPE = YES_ERROR;
				GCC_WARN_UNDECLARED_SELECTOR = YES;
				GCC_WARN_UNINITIALIZED_AUTOS = YES_AGGRESSIVE;
				GCC_WARN_UNUSED_FUNCTION = YES;
				GCC_WARN_UNUSED_VARIABLE = YES;
				IPHONEOS_DEPLOYMENT_TARGET = 11.4;
				MTL_ENABLE_DEBUG_INFO = NO;
				MTL_FAST_MATH = YES;
				SDKROOT = iphoneos;
				SWIFT_COMPILATION_MODE = wholemodule;
				SWIFT_OPTIMIZATION_LEVEL = "-O";
				VALIDATE_PRODUCT = YES;
			};
			name = Release;
		};
		60FC6258231BDB3A008BE616 /* Debug */ = {
			isa = XCBuildConfiguration;
			buildSettings = {
				ASSETCATALOG_COMPILER_APPICON_NAME = AppIcon;
				CODE_SIGN_STYLE = Automatic;
				DEVELOPMENT_TEAM = VM9TZ5P7XR;
				INFOPLIST_FILE = FruitNinjaTest/Info.plist;
				IPHONEOS_DEPLOYMENT_TARGET = 11.4;
				LD_RUNPATH_SEARCH_PATHS = (
					"$(inherited)",
					"@executable_path/Frameworks",
				);
				PRODUCT_BUNDLE_IDENTIFIER = com.vertex.FruitNinjaTest;
				PRODUCT_NAME = "$(TARGET_NAME)";
				SWIFT_VERSION = 5.0;
				TARGETED_DEVICE_FAMILY = 2;
			};
			name = Debug;
		};
		60FC6259231BDB3A008BE616 /* Release */ = {
			isa = XCBuildConfiguration;
			buildSettings = {
				ASSETCATALOG_COMPILER_APPICON_NAME = AppIcon;
				CODE_SIGN_STYLE = Automatic;
				DEVELOPMENT_TEAM = VM9TZ5P7XR;
				INFOPLIST_FILE = FruitNinjaTest/Info.plist;
				IPHONEOS_DEPLOYMENT_TARGET = 11.4;
				LD_RUNPATH_SEARCH_PATHS = (
					"$(inherited)",
					"@executable_path/Frameworks",
				);
				PRODUCT_BUNDLE_IDENTIFIER = com.vertex.FruitNinjaTest;
				PRODUCT_NAME = "$(TARGET_NAME)";
				SWIFT_VERSION = 5.0;
				TARGETED_DEVICE_FAMILY = 2;
			};
			name = Release;
		};
/* End XCBuildConfiguration section */

/* Begin XCConfigurationList section */
		60FC623A231BDB39008BE616 /* Build configuration list for PBXProject "FruitNinjaTest" */ = {
			isa = XCConfigurationList;
			buildConfigurations = (
				60FC6255231BDB3A008BE616 /* Debug */,
				60FC6256231BDB3A008BE616 /* Release */,
			);
			defaultConfigurationIsVisible = 0;
			defaultConfigurationName = Release;
		};
		60FC6257231BDB3A008BE616 /* Build configuration list for PBXNativeTarget "FruitNinjaTest" */ = {
			isa = XCConfigurationList;
			buildConfigurations = (
				60FC6258231BDB3A008BE616 /* Debug */,
				60FC6259231BDB3A008BE616 /* Release */,
			);
			defaultConfigurationIsVisible = 0;
			defaultConfigurationName = Release;
		};
/* End XCConfigurationList section */
	};
	rootObject = 60FC6237231BDB39008BE616 /* Project object */;
}
